
Microsoft Visual Studio Solution File, Format Version 12.00
# Visual Studio Version 17
VisualStudioVersion = 17.9.34728.123
MinimumVisualStudioVersion = 10.0.40219.1
Project("{FAE04EC0-301F-11D3-BF4B-00C04F79EFBC}") = "RadioShack.API", "RadioShack.API\RadioShack.API.csproj", "{D1815FE6-469B-4B3E-9F46-9FBA258AE6D6}"
EndProject
Global
	GlobalSection(SolutionConfigurationPlatforms) = preSolution
		Debug|Any CPU = Debug|Any CPU
		Release|Any CPU = Release|Any CPU
	EndGlobalSection
	GlobalSection(ProjectConfigurationPlatforms) = postSolution
		{D1815FE6-469B-4B3E-9F46-9FBA258AE6D6}.Debug|Any CPU.ActiveCfg = Debug|Any CPU
		{D1815FE6-469B-4B3E-9F46-9FBA258AE6D6}.Debug|Any CPU.Build.0 = Debug|Any CPU
		{D1815FE6-469B-4B3E-9F46-9FBA258AE6D6}.Release|Any CPU.ActiveCfg = Release|Any CPU
		{D1815FE6-469B-4B3E-9F46-9FBA258AE6D6}.Release|Any CPU.Build.0 = Release|Any CPU
	EndGlobalSection
	GlobalSection(SolutionProperties) = preSolution
		HideSolutionNode = FALSE
	EndGlobalSection
	GlobalSection(ExtensibilityGlobals) = postSolution
		SolutionGuid = {FC36430C-C698-45E2-93CA-DFDDF40E0DAD}
	EndGlobalSection
EndGlobal
